
Microsoft Visual Studio Solution File, Format Version 12.00
# Visual Studio 14
VisualStudioVersion = 14.0.22310.1
MinimumVisualStudioVersion = 10.0.40219.1
Project("{FAE04EC0-301F-11D3-BF4B-00C04F79EFBC}") = "CreateWebsite", "WebSiteWizard\CreateWebsite.csproj", "{75C235C1-11AD-421C-8CEC-49EA5B6B7B4E}"
EndProject
Global
	GlobalSection(SolutionConfigurationPlatforms) = preSolution
		Debug|Any CPU = Debug|Any CPU
		Release|Any CPU = Release|Any CPU
	EndGlobalSection
	GlobalSection(ProjectConfigurationPlatforms) = postSolution
		{75C235C1-11AD-421C-8CEC-49EA5B6B7B4E}.Debug|Any CPU.ActiveCfg = Debug|Any CPU
		{75C235C1-11AD-421C-8CEC-49EA5B6B7B4E}.Debug|Any CPU.Build.0 = Debug|Any CPU
		{75C235C1-11AD-421C-8CEC-49EA5B6B7B4E}.Release|Any CPU.ActiveCfg = Release|Any CPU
		{75C235C1-11AD-421C-8CEC-49EA5B6B7B4E}.Release|Any CPU.Build.0 = Release|Any CPU
	EndGlobalSection
	GlobalSection(SolutionProperties) = preSolution
		HideSolutionNode = FALSE
	EndGlobalSection
EndGlobal
